Microsoft Visual Studio Solution File, Format Version 12.00
# Visual Studio Version 17
VisualStudioVersion = 17.5.2.0
MinimumVisualStudioVersion = 10.0.40219.1
Project("{FAE04EC0-301F-11D3-BF4B-00C04F79EFBC}") = "Console Application", "Console Application.csproj", "{5B33E7CC-6429-7C1F-90C0-1F1A8EA84DAA}"
EndProject
Global
	GlobalSection(SolutionConfigurationPlatforms) = preSolution
		Debug|Any CPU = Debug|Any CPU
		Release|Any CPU = Release|Any CPU
	EndGlobalSection
	GlobalSection(ProjectConfigurationPlatforms) = postSolution
		{5B33E7CC-6429-7C1F-90C0-1F1A8EA84DAA}.Debug|Any CPU.ActiveCfg = Debug|Any CPU
		{5B33E7CC-6429-7C1F-90C0-1F1A8EA84DAA}.Debug|Any CPU.Build.0 = Debug|Any CPU
		{5B33E7CC-6429-7C1F-90C0-1F1A8EA84DAA}.Release|Any CPU.ActiveCfg = Release|Any CPU
		{5B33E7CC-6429-7C1F-90C0-1F1A8EA84DAA}.Release|Any CPU.Build.0 = Release|Any CPU
	EndGlobalSection
	GlobalSection(SolutionProperties) = preSolution
		HideSolutionNode = FALSE
	EndGlobalSection
	GlobalSection(ExtensibilityGlobals) = postSolution
		SolutionGuid = {DA87DBC7-9485-4EAA-BD28-A3DA18C7BB0E}
	EndGlobalSection
EndGlobal
